PODS:
  - CameraBackground (1.1.1):
    - CameraBackground/Resources (= 1.1.1)
    - MiniLayout
    - MultiToggleButton
  - CameraBackground/Resources (1.1.1):
    - MiniLayout
    - MultiToggleButton
  - MiniLayout (1.1.0)
  - MultiToggleButton (1.5.1)

DEPENDENCIES:
  - CameraBackground (from `..`)
  - MiniLayout

EXTERNAL SOURCES:
  CameraBackground:
    :path: ..

SPEC CHECKSUMS:
  CameraBackground: 43314c3ea1e849b4d9abaadaacab7fe1ff2370ac
  MiniLayout: 7664ed112a89d954e6ccb83b6ef5dc122fb77852
  MultiToggleButton: 95205f3ddd509adaf0c1f030066041be94e4d351

PODFILE CHECKSUM: ca059db8f2a3d01654bfa95229fa8d062fc3379c

COCOAPODS: 1.1.1
