PODS:
  - CameraBackground (1.4.1):
    - CameraBackground/Resources (= 1.4.1)
    - MiniLayout
    - MultiToggleButton
  - CameraBackground/Resources (1.4.1):
    - MiniLayout
    - MultiToggleButton
  - MiniLayout (1.2.1)
  - MultiToggleButton (1.7.1)

DEPENDENCIES:
  - CameraBackground (from `..`)
  - MiniLayout

SPEC REPOS:
  https://github.com/CocoaPods/Specs.git:
    - MiniLayout
    - MultiToggleButton

EXTERNAL SOURCES:
  CameraBackground:
    :path: ".."

SPEC CHECKSUMS:
  CameraBackground: ebf0c8d077da1402f31c15235036b454dc9de7cd
  MiniLayout: 9ee6ff0d73c1c2af09251e062e9b45d012e446fb
  MultiToggleButton: 65321595e53626b4c79fa058f9c48a29a5055a7c

PODFILE CHECKSUM: 8e7485b2027f23e092324c319932ba5da990cd54

COCOAPODS: 1.5.0
