// !$*UTF8*$!
{
	archiveVersion = 1;
	classes = {
	};
	objectVersion = 46;
	objects = {

/* Begin PBXBuildFile section */
		C888C167E824ECCD77F8227B /* Pods_CameraBackgroundDemo.framework in Frameworks */ = {isa = PBXBuildFile; fileRef = E029DBC166098BA3A5037840 /* Pods_CameraBackgroundDemo.framework */; };
		DCAA697D1C1862D6009E2A55 /* LaunchScreen.storyboard in Resources */ = {isa = PBXBuildFile; fileRef = DCAA697B1C1862D6009E2A55 /* LaunchScreen.storyboard */; };
		DCAA69851C186320009E2A55 /* CameraBackgroundDemo.swift in Sources */ = {isa = PBXBuildFile; fileRef = DCAA69841C186320009E2A55 /* CameraBackgroundDemo.swift */; };
/* End PBXBuildFile section */

/* Begin PBXFileReference section */
		A2BC9F5B565F462453644626 /* Pods-CameraBackgroundDemo.debug.xcconfig */ = {isa = PBXFileReference; includeInIndex = 1; lastKnownFileType = text.xcconfig; name = "Pods-CameraBackgroundDemo.debug.xcconfig"; path = "Pods/Target Support Files/Pods-CameraBackgroundDemo/Pods-CameraBackgroundDemo.debug.xcconfig"; sourceTree = "<group>"; };
		DCAA696F1C1862D6009E2A55 /* CameraBackgroundDemo.app */ = {isa = PBXFileReference; explicitFileType = wrapper.application; includeInIndex = 0; path = CameraBackgroundDemo.app; sourceTree = BUILT_PRODUCTS_DIR; };
		DCAA697C1C1862D6009E2A55 /* Base */ = {isa = PBXFileReference; lastKnownFileType = file.storyboard; name = Base; path = Base.lproj/LaunchScreen.storyboard; sourceTree = "<group>"; };
		DCAA697E1C1862D6009E2A55 /* Info.plist */ = {isa = PBXFileReference; lastKnownFileType = text.plist.xml; path = Info.plist; sourceTree = "<group>"; };
		DCAA69841C186320009E2A55 /* CameraBackgroundDemo.swift */ = {isa = PBXFileReference; fileEncoding = 4; lastKnownFileType = sourcecode.swift; path = CameraBackgroundDemo.swift; sourceTree = "<group>"; };
		E029DBC166098BA3A5037840 /* Pods_CameraBackgroundDemo.framework */ = {isa = PBXFileReference; explicitFileType = wrapper.framework; includeInIndex = 0; path = Pods_CameraBackgroundDemo.framework; sourceTree = BUILT_PRODUCTS_DIR; };
		E563FE72183E153B2EFBB9DA /* Pods-CameraBackgroundDemo.release.xcconfig */ = {isa = PBXFileReference; includeInIndex = 1; lastKnownFileType = text.xcconfig; name = "Pods-CameraBackgroundDemo.release.xcconfig"; path = "Pods/Target Support Files/Pods-CameraBackgroundDemo/Pods-CameraBackgroundDemo.release.xcconfig"; sourceTree = "<group>"; };
/* End PBXFileReference section */

/* Begin PBXFrameworksBuildPhase section */
		DCAA696C1C1862D6009E2A55 /* Frameworks */ = {
			isa = PBXFrameworksBuildPhase;
			buildActionMask = 2147483647;
			files = (
				C888C167E824ECCD77F8227B /* Pods_CameraBackgroundDemo.framework in Frameworks */,
			);
			runOnlyForDeploymentPostprocessing = 0;
		};
/* End PBXFrameworksBuildPhase section */

/* Begin PBXGroup section */
		56D65DC6DA6D581592C47947 /* Frameworks */ = {
			isa = PBXGroup;
			children = (
				E029DBC166098BA3A5037840 /* Pods_CameraBackgroundDemo.framework */,
			);
			name = Frameworks;
			sourceTree = "<group>";
		};
		832A0356AFFDD2D150B4D514 /* Pods */ = {
			isa = PBXGroup;
			children = (
				A2BC9F5B565F462453644626 /* Pods-CameraBackgroundDemo.debug.xcconfig */,
				E563FE72183E153B2EFBB9DA /* Pods-CameraBackgroundDemo.release.xcconfig */,
			);
			name = Pods;
			sourceTree = "<group>";
		};
		DCAA69661C1862D6009E2A55 = {
			isa = PBXGroup;
			children = (
				DCAA69711C1862D6009E2A55 /* CameraBackgroundDemo */,
				DCAA69701C1862D6009E2A55 /* Products */,
				832A0356AFFDD2D150B4D514 /* Pods */,
				56D65DC6DA6D581592C47947 /* Frameworks */,
			);
			sourceTree = "<group>";
		};
		DCAA69701C1862D6009E2A55 /* Products */ = {
			isa = PBXGroup;
			children = (
				DCAA696F1C1862D6009E2A55 /* CameraBackgroundDemo.app */,
			);
			name = Products;
			sourceTree = "<group>";
		};
		DCAA69711C1862D6009E2A55 /* CameraBackgroundDemo */ = {
			isa = PBXGroup;
			children = (
				DCAA69841C186320009E2A55 /* CameraBackgroundDemo.swift */,
				DCAA697B1C1862D6009E2A55 /* LaunchScreen.storyboard */,
				DCAA697E1C1862D6009E2A55 /* Info.plist */,
			);
			path = CameraBackgroundDemo;
			sourceTree = "<group>";
		};
/* End PBXGroup section */

/* Begin PBXNativeTarget section */
		DCAA696E1C1862D6009E2A55 /* CameraBackgroundDemo */ = {
			isa = PBXNativeTarget;
			buildConfigurationList = DCAA69811C1862D6009E2A55 /* Build configuration list for PBXNativeTarget "CameraBackgroundDemo" */;
			buildPhases = (
				1095C87B413EEDAFF02F1C90 /* [CP] Check Pods Manifest.lock */,
				DCAA696B1C1862D6009E2A55 /* Sources */,
				DCAA696C1C1862D6009E2A55 /* Frameworks */,
				DCAA696D1C1862D6009E2A55 /* Resources */,
				886033E7B38F738E8B67EDFF /* [CP] Embed Pods Frameworks */,
				1D2A79308DF152298580BA35 /* [CP] Copy Pods Resources */,
			);
			buildRules = (
			);
			dependencies = (
			);
			name = CameraBackgroundDemo;
			productName = CameraBackgroundDemo;
			productReference = DCAA696F1C1862D6009E2A55 /* CameraBackgroundDemo.app */;
			productType = "com.apple.product-type.application";
		};
/* End PBXNativeTarget section */

/* Begin PBXProject section */
		DCAA69671C1862D6009E2A55 /* Project object */ = {
			isa = PBXProject;
			attributes = {
				LastSwiftUpdateCheck = 0720;
				LastUpgradeCheck = 0830;
				ORGANIZATIONNAME = "Yonat Sharon";
				TargetAttributes = {
					DCAA696E1C1862D6009E2A55 = {
						CreatedOnToolsVersion = 7.2;
						DevelopmentTeam = UT7SLSWEUX;
						LastSwiftMigration = 0810;
					};
				};
			};
			buildConfigurationList = DCAA696A1C1862D6009E2A55 /* Build configuration list for PBXProject "CameraBackgroundDemo" */;
			compatibilityVersion = "Xcode 3.2";
			developmentRegion = English;
			hasScannedForEncodings = 0;
			knownRegions = (
				en,
				Base,
			);
			mainGroup = DCAA69661C1862D6009E2A55;
			productRefGroup = DCAA69701C1862D6009E2A55 /* Products */;
			projectDirPath = "";
			projectRoot = "";
			targets = (
				DCAA696E1C1862D6009E2A55 /* CameraBackgroundDemo */,
			);
		};
/* End PBXProject section */

/* Begin PBXResourcesBuildPhase section */
		DCAA696D1C1862D6009E2A55 /* Resources */ = {
			isa = PBXResourcesBuildPhase;
			buildActionMask = 2147483647;
			files = (
				DCAA697D1C1862D6009E2A55 /* LaunchScreen.storyboard in Resources */,
			);
			runOnlyForDeploymentPostprocessing = 0;
		};
/* End PBXResourcesBuildPhase section */

/* Begin PBXShellScriptBuildPhase section */
		1095C87B413EEDAFF02F1C90 /* [CP] Check Pods Manifest.lock */ = {
			isa = PBXShellScriptBuildPhase;
			buildActionMask = 2147483647;
			files = (
			);
			inputPaths = (
			);
			name = "[CP] Check Pods Manifest.lock";
			outputPaths = (
			);
			runOnlyForDeploymentPostprocessing = 0;
			shellPath = /bin/sh;
			shellScript = "diff \"${PODS_PODFILE_DIR_PATH}/Podfile.lock\" \"${PODS_ROOT}/Manifest.lock\" > /dev/null\nif [ $? != 0 ] ; then\n    # print error to STDERR\n    echo \"error: The sandbox is not in sync with the Podfile.lock. Run 'pod install' or update your CocoaPods installation.\" >&2\n    exit 1\nfi\n";
			showEnvVarsInLog = 0;
		};
		1D2A79308DF152298580BA35 /* [CP] Copy Pods Resources */ = {
			isa = PBXShellScriptBuildPhase;
			buildActionMask = 2147483647;
			files = (
			);
			inputPaths = (
			);
			name = "[CP] Copy Pods Resources";
			outputPaths = (
			);
			runOnlyForDeploymentPostprocessing = 0;
			shellPath = /bin/sh;
			shellScript = "\"${SRCROOT}/Pods/Target Support Files/Pods-CameraBackgroundDemo/Pods-CameraBackgroundDemo-resources.sh\"\n";
			showEnvVarsInLog = 0;
		};
		886033E7B38F738E8B67EDFF /* [CP] Embed Pods Frameworks */ = {
			isa = PBXShellScriptBuildPhase;
			buildActionMask = 2147483647;
			files = (
			);
			inputPaths = (
			);
			name = "[CP] Embed Pods Frameworks";
			outputPaths = (
			);
			runOnlyForDeploymentPostprocessing = 0;
			shellPath = /bin/sh;
			shellScript = "\"${SRCROOT}/Pods/Target Support Files/Pods-CameraBackgroundDemo/Pods-CameraBackgroundDemo-frameworks.sh\"\n";
			showEnvVarsInLog = 0;
		};
/* End PBXShellScriptBuildPhase section */

/* Begin PBXSourcesBuildPhase section */
		DCAA696B1C1862D6009E2A55 /* Sources */ = {
			isa = PBXSourcesBuildPhase;
			buildActionMask = 2147483647;
			files = (
				DCAA69851C186320009E2A55 /* CameraBackgroundDemo.swift in Sources */,
			);
			runOnlyForDeploymentPostprocessing = 0;
		};
/* End PBXSourcesBuildPhase section */

/* Begin PBXVariantGroup section */
		DCAA697B1C1862D6009E2A55 /* LaunchScreen.storyboard */ = {
			isa = PBXVariantGroup;
			children = (
				DCAA697C1C1862D6009E2A55 /* Base */,
			);
			name = LaunchScreen.storyboard;
			sourceTree = "<group>";
		};
/* End PBXVariantGroup section */

/* Begin XCBuildConfiguration section */
		DCAA697F1C1862D6009E2A55 /* Debug */ = {
			isa = XCBuildConfiguration;
			buildSettings = {
				ALWAYS_SEARCH_USER_PATHS = NO;
				CLANG_CXX_LANGUAGE_STANDARD = "gnu++0x";
				CLANG_CXX_LIBRARY = "libc++";
				CLANG_ENABLE_MODULES = YES;
				CLANG_ENABLE_OBJC_ARC = YES;
				CLANG_WARN_BOOL_CONVERSION = YES;
				CLANG_WARN_CONSTANT_CONVERSION = YES;
				CLANG_WARN_DIRECT_OBJC_ISA_USAGE = YES_ERROR;
				CLANG_WARN_EMPTY_BODY = YES;
				CLANG_WARN_ENUM_CONVERSION = YES;
				CLANG_WARN_INFINITE_RECURSION = YES;
				CLANG_WARN_INT_CONVERSION = YES;
				CLANG_WARN_OBJC_ROOT_CLASS = YES_ERROR;
				CLANG_WARN_SUSPICIOUS_MOVE = YES;
				CLANG_WARN_UNREACHABLE_CODE = YES;
				CLANG_WARN__DUPLICATE_METHOD_MATCH = YES;
				"CODE_SIGN_IDENTITY[sdk=iphoneos*]" = "iPhone Developer";
				COPY_PHASE_STRIP = NO;
				DEBUG_INFORMATION_FORMAT = dwarf;
				ENABLE_STRICT_OBJC_MSGSEND = YES;
				ENABLE_TESTABILITY = YES;
				GCC_C_LANGUAGE_STANDARD = gnu99;
				GCC_DYNAMIC_NO_PIC = NO;
				GCC_NO_COMMON_BLOCKS = YES;
				GCC_OPTIMIZATION_LEVEL = 0;
				GCC_PREPROCESSOR_DEFINITIONS = (
					"DEBUG=1",
					"$(inherited)",
				);
				GCC_WARN_64_TO_32_BIT_CONVERSION = YES;
				GCC_WARN_ABOUT_RETURN_TYPE = YES_ERROR;
				GCC_WARN_UNDECLARED_SELECTOR = YES;
				GCC_WARN_UNINITIALIZED_AUTOS = YES_AGGRESSIVE;
				GCC_WARN_UNUSED_FUNCTION = YES;
				GCC_WARN_UNUSED_VARIABLE = YES;
				IPHONEOS_DEPLOYMENT_TARGET = 9.3;
				MTL_ENABLE_DEBUG_INFO = YES;
				ONLY_ACTIVE_ARCH = YES;
				SDKROOT = iphoneos;
				SWIFT_OPTIMIZATION_LEVEL = "-Onone";
				SWIFT_VERSION = 3.0;
				TARGETED_DEVICE_FAMILY = "1,2";
			};
			name = Debug;
		};
		DCAA69801C1862D6009E2A55 /* Release */ = {
			isa = XCBuildConfiguration;
			buildSettings = {
				ALWAYS_SEARCH_USER_PATHS = NO;
				CLANG_CXX_LANGUAGE_STANDARD = "gnu++0x";
				CLANG_CXX_LIBRARY = "libc++";
				CLANG_ENABLE_MODULES = YES;
				CLANG_ENABLE_OBJC_ARC = YES;
				CLANG_WARN_BOOL_CONVERSION = YES;
				CLANG_WARN_CONSTANT_CONVERSION = YES;
				CLANG_WARN_DIRECT_OBJC_ISA_USAGE = YES_ERROR;
				CLANG_WARN_EMPTY_BODY = YES;
				CLANG_WARN_ENUM_CONVERSION = YES;
				CLANG_WARN_INFINITE_RECURSION = YES;
				CLANG_WARN_INT_CONVERSION = YES;
				CLANG_WARN_OBJC_ROOT_CLASS = YES_ERROR;
				CLANG_WARN_SUSPICIOUS_MOVE = YES;
				CLANG_WARN_UNREACHABLE_CODE = YES;
				CLANG_WARN__DUPLICATE_METHOD_MATCH = YES;
				"CODE_SIGN_IDENTITY[sdk=iphoneos*]" = "iPhone Developer";
				COPY_PHASE_STRIP = NO;
				DEBUG_INFORMATION_FORMAT = "dwarf-with-dsym";
				ENABLE_NS_ASSERTIONS = NO;
				ENABLE_STRICT_OBJC_MSGSEND = YES;
				GCC_C_LANGUAGE_STANDARD = gnu99;
				GCC_NO_COMMON_BLOCKS = YES;
				GCC_WARN_64_TO_32_BIT_CONVERSION = YES;
				GCC_WARN_ABOUT_RETURN_TYPE = YES_ERROR;
				GCC_WARN_UNDECLARED_SELECTOR = YES;
				GCC_WARN_UNINITIALIZED_AUTOS = YES_AGGRESSIVE;
				GCC_WARN_UNUSED_FUNCTION = YES;
				GCC_WARN_UNUSED_VARIABLE = YES;
				IPHONEOS_DEPLOYMENT_TARGET = 9.3;
				MTL_ENABLE_DEBUG_INFO = NO;
				SDKROOT = iphoneos;
				SWIFT_OPTIMIZATION_LEVEL = "-Owholemodule";
				SWIFT_VERSION = 3.0;
				TARGETED_DEVICE_FAMILY = "1,2";
				VALIDATE_PRODUCT = YES;
			};
			name = Release;
		};
		DCAA69821C1862D6009E2A55 /* Debug */ = {
			isa = XCBuildConfiguration;
			baseConfigurationReference = A2BC9F5B565F462453644626 /* Pods-CameraBackgroundDemo.debug.xcconfig */;
			buildSettings = {
				ALWAYS_EMBED_SWIFT_STANDARD_LIBRARIES = YES;
				CLANG_ENABLE_MODULES = YES;
				DEVELOPMENT_TEAM = UT7SLSWEUX;
				INFOPLIST_FILE = CameraBackgroundDemo/Info.plist;
				LD_RUNPATH_SEARCH_PATHS = "$(inherited) @executable_path/Frameworks";
				PRODUCT_BUNDLE_IDENTIFIER = com.roysharon.CameraBackground;
				PRODUCT_NAME = "$(TARGET_NAME)";
				SWIFT_OPTIMIZATION_LEVEL = "-Onone";
				SWIFT_VERSION = 3.0;
			};
			name = Debug;
		};
		DCAA69831C1862D6009E2A55 /* Release */ = {
			isa = XCBuildConfiguration;
			baseConfigurationReference = E563FE72183E153B2EFBB9DA /* Pods-CameraBackgroundDemo.release.xcconfig */;
			buildSettings = {
				ALWAYS_EMBED_SWIFT_STANDARD_LIBRARIES = YES;
				CLANG_ENABLE_MODULES = YES;
				DEVELOPMENT_TEAM = UT7SLSWEUX;
				INFOPLIST_FILE = CameraBackgroundDemo/Info.plist;
				LD_RUNPATH_SEARCH_PATHS = "$(inherited) @executable_path/Frameworks";
				PRODUCT_BUNDLE_IDENTIFIER = com.roysharon.CameraBackground;
				PRODUCT_NAME = "$(TARGET_NAME)";
				SWIFT_VERSION = 3.0;
			};
			name = Release;
		};
/* End XCBuildConfiguration section */

/* Begin XCConfigurationList section */
		DCAA696A1C1862D6009E2A55 /* Build configuration list for PBXProject "CameraBackgroundDemo" */ = {
			isa = XCConfigurationList;
			buildConfigurations = (
				DCAA697F1C1862D6009E2A55 /* Debug */,
				DCAA69801C1862D6009E2A55 /* Release */,
			);
			defaultConfigurationIsVisible = 0;
			defaultConfigurationName = Release;
		};
		DCAA69811C1862D6009E2A55 /* Build configuration list for PBXNativeTarget "CameraBackgroundDemo" */ = {
			isa = XCConfigurationList;
			buildConfigurations = (
				DCAA69821C1862D6009E2A55 /* Debug */,
				DCAA69831C1862D6009E2A55 /* Release */,
			);
			defaultConfigurationIsVisible = 0;
			defaultConfigurationName = Release;
		};
/* End XCConfigurationList section */
	};
	rootObject = DCAA69671C1862D6009E2A55 /* Project object */;
}
